
Microsoft Visual Studio Solution File, Format Version 12.00
# Visual Studio 15
VisualStudioVersion = 15.0.27703.2047
MinimumVisualStudioVersion = 10.0.40219.1
Project("{FAE04EC0-301F-11D3-BF4B-00C04F79EFBC}") = "NosSeusPes", "NosSeusPes\NosSeusPes.csproj", "{E9FF21DB-5916-4AEF-B9EE-5D5324CDC222}"
EndProject
Project("{FAE04EC0-301F-11D3-BF4B-00C04F79EFBC}") = "NosSeusPesWPF", "NosSeusPesWPF\NosSeusPesWPF.csproj", "{2CACFC5F-7083-4102-96F3-5C7657839BB3}"
	ProjectSection(ProjectDependencies) = postProject
		{E9FF21DB-5916-4AEF-B9EE-5D5324CDC222} = {E9FF21DB-5916-4AEF-B9EE-5D5324CDC222}
	EndProjectSection
EndProject
Global
	GlobalSection(SolutionConfigurationPlatforms) = preSolution
		Debug|Any CPU = Debug|Any CPU
		Release|Any CPU = Release|Any CPU
	EndGlobalSection
	GlobalSection(ProjectConfigurationPlatforms) = postSolution
		{E9FF21DB-5916-4AEF-B9EE-5D5324CDC222}.Debug|Any CPU.ActiveCfg = Debug|Any CPU
		{E9FF21DB-5916-4AEF-B9EE-5D5324CDC222}.Debug|Any CPU.Build.0 = Debug|Any CPU
		{E9FF21DB-5916-4AEF-B9EE-5D5324CDC222}.Release|Any CPU.ActiveCfg = Release|Any CPU
		{E9FF21DB-5916-4AEF-B9EE-5D5324CDC222}.Release|Any CPU.Build.0 = Release|Any CPU
		{2CACFC5F-7083-4102-96F3-5C7657839BB3}.Debug|Any CPU.ActiveCfg = Debug|Any CPU
		{2CACFC5F-7083-4102-96F3-5C7657839BB3}.Debug|Any CPU.Build.0 = Debug|Any CPU
		{2CACFC5F-7083-4102-96F3-5C7657839BB3}.Release|Any CPU.ActiveCfg = Release|Any CPU
		{2CACFC5F-7083-4102-96F3-5C7657839BB3}.Release|Any CPU.Build.0 = Release|Any CPU
	EndGlobalSection
	GlobalSection(SolutionProperties) = preSolution
		HideSolutionNode = FALSE
	EndGlobalSection
	GlobalSection(ExtensibilityGlobals) = postSolution
		SolutionGuid = {835A95E8-FE45-4504-BFC7-A50DE916970E}
	EndGlobalSection
EndGlobal
